{
  "lockfileVersion": 1,
  "configVersion": 1,
  "workspaces": {
    "": {
      "name": "ds-client-verify",
      "dependencies": {
        "@durable-streams/client": "0.2.6",
        "@durable-streams/state": "0.3.1",
        "@tanstack/db": "0.6.0",
      },
    },
  },
  "packages": {
    "@durable-streams/client": ["@durable-streams/client@0.2.6", "", { "dependencies": { "@microsoft/fetch-event-source": "^2.0.1", "fastq": "^1.19.1" }, "bin": { "intent": "bin/intent.js" } }, "sha512-uHKKbWpsKLhFMeGjG0PgM6LXE3oEIi7FHKlJZkmYGxcqd4Yjjd/QEvnQnDzteRP4Av1uJVM8qjTL7kfKsgeS/w=="],

    "@durable-streams/state": ["@durable-streams/state@0.3.1", "", { "dependencies": { "@durable-streams/client": "0.2.6", "@standard-schema/spec": "^1.0.0" }, "peerDependencies": { "@tanstack/db": ">=0.6.0 <1.0.0" }, "optionalPeers": ["@tanstack/db"], "bin": { "intent": "bin/intent.js" } }, "sha512-HYhw520Bfl9+L3MJgWpzLQjByP5y/uNNasOqSSFfyWhFxZeaKHM6Go2P79YFfTJPmXh4ZHEh1jOgIfrumqT6hA=="],

    "@microsoft/fetch-event-source": ["@microsoft/fetch-event-source@2.0.1", "", {}, "sha512-W6CLUJ2eBMw3Rec70qrsEW0jOm/3twwJv21mrmj2yORiaVmVYGS4sSS5yUwvQc1ZlDLYGPnClVWmUUMagKNsfA=="],

    "@standard-schema/spec": ["@standard-schema/spec@1.1.0", "", {}, "sha512-l2aFy5jALhniG5HgqrD6jXLi/rUWrKvqN/qJx6yoJsgKhblVd+iqqU4RCXavm/jPityDo5TCvKMnpjKnOriy0w=="],

    "@tanstack/db": ["@tanstack/db@0.6.0", "", { "dependencies": { "@standard-schema/spec": "^1.1.0", "@tanstack/db-ivm": "0.1.18", "@tanstack/pacer-lite": "^0.2.1" }, "peerDependencies": { "typescript": ">=4.7" } }, "sha512-WlTtRYLdWpNAuH9tLV4Q3XdAiSjyxpofpLAJaEcq5ZKoIZJdJPEYRRE2iMgRfq0W0E2lhtdvER/rHdJYfwsNOA=="],

    "@tanstack/db-ivm": ["@tanstack/db-ivm@0.1.18", "", { "dependencies": { "fractional-indexing": "^3.2.0", "sorted-btree": "^1.8.1" }, "peerDependencies": { "typescript": ">=4.7" } }, "sha512-+pZJiRKdoKRM5Epq9T7otD9ZJl82pRFauo7LKuJGrarjVKQ7r+QQlPe3kGdN9LEKSnuNGIWjX9OOY4M8kH4eLw=="],

    "@tanstack/pacer-lite": ["@tanstack/pacer-lite@0.2.2", "", {}, "sha512-eQ1MyLKCHyXiH7NbdmB80W77OhiMgGBUb+qDx/8WMGbwg5Lf/NlfD0TfNYAqY77i8V3AxoDoYdICrQE5ADw4Yw=="],

    "fastq": ["fastq@1.20.1", "", { "dependencies": { "reusify": "^1.0.4" } }, "sha512-GGToxJ/w1x32s/D2EKND7kTil4n8OVk/9mycTc4VDza13lOvpUZTGX3mFSCtV9ksdGBVzvsyAVLM6mHFThxXxw=="],

    "fractional-indexing": ["fractional-indexing@3.4.0", "", {}, "sha512-8J3glhz2rrpKG6KmI7wmJo3zH1VjeOpN+vTJSw1fOyO+Viqq3zX6/5NGh6oaZB2qIAYdOYuu5Dz9xp4faOO0Pg=="],

    "reusify": ["reusify@1.1.0", "", {}, "sha512-g6QUff04oZpHs0eG5p83rFLhHeV00ug/Yf9nZM6fLeUrPguBTkTQOdpAWWspMh55TZfVQDPaN3NQJfbVRAxdIw=="],

    "sorted-btree": ["sorted-btree@1.8.1", "", {}, "sha512-395+XIP+wqNn3USkFSrNz7G3Ss/MXlZEqesxvzCRFwL14h6e8LukDHdLBePn5pwbm5OQ9vGu8mDyz2lLDIqamQ=="],

    "typescript": ["typescript@6.0.3", "", { "bin": { "tsc": "bin/tsc", "tsserver": "bin/tsserver" } }, "sha512-y2TvuxSZPDyQakkFRPZHKFm+KKVqIisdg9/CZwm9ftvKXLP8NRWj38/ODjNbr43SsoXqNuAisEf1GdCxqWcdBw=="],
  }
}
